// !$*UTF8*$!
{
	archiveVersion = 1;
	classes = {
	};
	objectVersion = 55;
	objects = {

/* Begin PBXBuildFile section */
		B30288CA27F6322D007F65E0 /* ActivityAlert.swift in Sources */ = {isa = PBXBuildFile; fileRef = B30288C927F6322D007F65E0 /* ActivityAlert.swift */; };
		B30288CC27F63C76007F65E0 /* ViewControllerMovies.swift in Sources */ = {isa = PBXBuildFile; fileRef = B30288CB27F63C76007F65E0 /* ViewControllerMovies.swift */; };
		B30288CE27F64687007F65E0 /* SceneDelegate.swift in Sources */ = {isa = PBXBuildFile; fileRef = B30288CD27F64687007F65E0 /* SceneDelegate.swift */; };
		B30288D027F64DAB007F65E0 /* CustomNavBar.swift in Sources */ = {isa = PBXBuildFile; fileRef = B30288CF27F64DAB007F65E0 /* CustomNavBar.swift */; };
		B30288D527F66CE1007F65E0 /* CollectionPopular.swift in Sources */ = {isa = PBXBuildFile; fileRef = B30288D427F66CE1007F65E0 /* CollectionPopular.swift */; };
		B30288D727F67014007F65E0 /* ViewModelCollection.swift in Sources */ = {isa = PBXBuildFile; fileRef = B30288D627F67014007F65E0 /* ViewModelCollection.swift */; };
		B33061A527F5134200BF5945 /* AppDelegate.swift in Sources */ = {isa = PBXBuildFile; fileRef = B33061A427F5134200BF5945 /* AppDelegate.swift */; };
		B33061A927F5134200BF5945 /* ViewController.swift in Sources */ = {isa = PBXBuildFile; fileRef = B33061A827F5134200BF5945 /* ViewController.swift */; };
		B33061AE27F5134400BF5945 /* Assets.xcassets in Resources */ = {isa = PBXBuildFile; fileRef = B33061AD27F5134400BF5945 /* Assets.xcassets */; };
		B33061BD27F5230A00BF5945 /* LoginVO.swift in Sources */ = {isa = PBXBuildFile; fileRef = B33061BC27F5230A00BF5945 /* LoginVO.swift */; };
		B33061C027F5249400BF5945 /* Extension.swift in Sources */ = {isa = PBXBuildFile; fileRef = B33061BF27F5249400BF5945 /* Extension.swift */; };
		B33061C427F52CC700BF5945 /* Data.plist in Resources */ = {isa = PBXBuildFile; fileRef = B33061C327F52CC700BF5945 /* Data.plist */; };
		B33061C627F52D3500BF5945 /* Util.swift in Sources */ = {isa = PBXBuildFile; fileRef = B33061C527F52D3500BF5945 /* Util.swift */; };
		B33061D627F53BF000BF5945 /* Main.storyboard in Resources */ = {isa = PBXBuildFile; fileRef = B33061D227F53BF000BF5945 /* Main.storyboard */; };
		B33061D727F53BF000BF5945 /* LaunchScreen.storyboard in Resources */ = {isa = PBXBuildFile; fileRef = B33061D427F53BF000BF5945 /* LaunchScreen.storyboard */; };
		B33061DA27F53C1500BF5945 /* Localizable.strings in Resources */ = {isa = PBXBuildFile; fileRef = B33061DC27F53C1500BF5945 /* Localizable.strings */; };
		B374D32E27F6CAE80087814A /* CustomCollectionCell.swift in Sources */ = {isa = PBXBuildFile; fileRef = B374D32D27F6CAE80087814A /* CustomCollectionCell.swift */; };
		B3ABDB6C27F5454900D3EA06 /* ViewModelLogin.swift in Sources */ = {isa = PBXBuildFile; fileRef = B3ABDB6B27F5454900D3EA06 /* ViewModelLogin.swift */; };
		B3ABDB6E27F5601B00D3EA06 /* FeedBack.swift in Sources */ = {isa = PBXBuildFile; fileRef = B3ABDB6D27F5601B00D3EA06 /* FeedBack.swift */; };
		B3ABDB7027F560AE00D3EA06 /* Reachability.swift in Sources */ = {isa = PBXBuildFile; fileRef = B3ABDB6F27F560AE00D3EA06 /* Reachability.swift */; };
		B3C9983A27F600C8000C0B3B /* JsonSerializer.swift in Sources */ = {isa = PBXBuildFile; fileRef = B3C9983927F600C8000C0B3B /* JsonSerializer.swift */; };
		B3C9984027F62133000C0B3B /* JSONJoy.swift in Sources */ = {isa = PBXBuildFile; fileRef = B3C9983F27F62133000C0B3B /* JSONJoy.swift */; };
		B3F78EC927F7365C0035AB7F /* ViewDetail.swift in Sources */ = {isa = PBXBuildFile; fileRef = B3F78EC827F7365C0035AB7F /* ViewDetail.swift */; };
		B3F78ECB27F746C00035AB7F /* CustomCollectionDetail.swift in Sources */ = {isa = PBXBuildFile; fileRef = B3F78ECA27F746C00035AB7F /* CustomCollectionDetail.swift */; };
/* End PBXBuildFile section */

/* Begin PBXFileReference section */
		B30288C927F6322D007F65E0 /* ActivityAlert.swift */ = {isa = PBXFileReference; fileEncoding = 4; lastKnownFileType = sourcecode.swift; path = ActivityAlert.swift; sourceTree = "<group>"; };
		B30288CB27F63C76007F65E0 /* ViewControllerMovies.swift */ = {isa = PBXFileReference; lastKnownFileType = sourcecode.swift; path = ViewControllerMovies.swift; sourceTree = "<group>"; };
		B30288CD27F64687007F65E0 /* SceneDelegate.swift */ = {isa = PBXFileReference; fileEncoding = 4; lastKnownFileType = sourcecode.swift; path = SceneDelegate.swift; sourceTree = "<group>"; };
		B30288CF27F64DAB007F65E0 /* CustomNavBar.swift */ = {isa = PBXFileReference; lastKnownFileType = sourcecode.swift; path = CustomNavBar.swift; sourceTree = "<group>"; };
		B30288D427F66CE1007F65E0 /* CollectionPopular.swift */ = {isa = PBXFileReference; lastKnownFileType = sourcecode.swift; path = CollectionPopular.swift; sourceTree = "<group>"; };
		B30288D627F67014007F65E0 /* ViewModelCollection.swift */ = {isa = PBXFileReference; lastKnownFileType = sourcecode.swift; path = ViewModelCollection.swift; sourceTree = "<group>"; };
		B33061A127F5134200BF5945 /* TheMovieDB.app */ = {isa = PBXFileReference; explicitFileType = wrapper.application; includeInIndex = 0; path = TheMovieDB.app; sourceTree = BUILT_PRODUCTS_DIR; };
		B33061A427F5134200BF5945 /* AppDelegate.swift */ = {isa = PBXFileReference; lastKnownFileType = sourcecode.swift; path = AppDelegate.swift; sourceTree = "<group>"; };
		B33061A827F5134200BF5945 /* ViewController.swift */ = {isa = PBXFileReference; lastKnownFileType = sourcecode.swift; path = ViewController.swift; sourceTree = "<group>"; };
		B33061AD27F5134400BF5945 /* Assets.xcassets */ = {isa = PBXFileReference; lastKnownFileType = folder.assetcatalog; path = Assets.xcassets; sourceTree = "<group>"; };
		B33061B227F5134400BF5945 /* Info.plist */ = {isa = PBXFileReference; lastKnownFileType = text.plist.xml; path = Info.plist; sourceTree = "<group>"; };
		B33061BC27F5230A00BF5945 /* LoginVO.swift */ = {isa = PBXFileReference; lastKnownFileType = sourcecode.swift; path = LoginVO.swift; sourceTree = "<group>"; };
		B33061BF27F5249400BF5945 /* Extension.swift */ = {isa = PBXFileReference; lastKnownFileType = sourcecode.swift; path = Extension.swift; sourceTree = "<group>"; };
		B33061C327F52CC700BF5945 /* Data.plist */ = {isa = PBXFileReference; lastKnownFileType = text.plist.xml; path = Data.plist; sourceTree = "<group>"; };
		B33061C527F52D3500BF5945 /* Util.swift */ = {isa = PBXFileReference; lastKnownFileType = sourcecode.swift; path = Util.swift; sourceTree = "<group>"; };
		B33061D327F53BF000BF5945 /* Base */ = {isa = PBXFileReference; lastKnownFileType = file.storyboard; name = Base; path = Base.lproj/Main.storyboard; sourceTree = "<group>"; };
		B33061D527F53BF000BF5945 /* Base */ = {isa = PBXFileReference; lastKnownFileType = file.storyboard; name = Base; path = Base.lproj/LaunchScreen.storyboard; sourceTree = "<group>"; };
		B33061DB27F53C1500BF5945 /* en */ = {isa = PBXFileReference; lastKnownFileType = text.plist.strings; name = en; path = en.lproj/Localizable.strings; sourceTree = "<group>"; };
		B33061DD27F53C3100BF5945 /* es-419 */ = {isa = PBXFileReference; lastKnownFileType = text.plist.strings; name = "es-419"; path = "es-419.lproj/Localizable.strings"; sourceTree = "<group>"; };
		B374D32D27F6CAE80087814A /* CustomCollectionCell.swift */ = {isa = PBXFileReference; lastKnownFileType = sourcecode.swift; path = CustomCollectionCell.swift; sourceTree = "<group>"; };
		B3ABDB6B27F5454900D3EA06 /* ViewModelLogin.swift */ = {isa = PBXFileReference; lastKnownFileType = sourcecode.swift; path = ViewModelLogin.swift; sourceTree = "<group>"; };
		B3ABDB6D27F5601B00D3EA06 /* FeedBack.swift */ = {isa = PBXFileReference; lastKnownFileType = sourcecode.swift; path = FeedBack.swift; sourceTree = "<group>"; };
		B3ABDB6F27F560AE00D3EA06 /* Reachability.swift */ = {isa = PBXFileReference; fileEncoding = 4; lastKnownFileType = sourcecode.swift; path = Reachability.swift; sourceTree = "<group>"; };
		B3C9983927F600C8000C0B3B /* JsonSerializer.swift */ = {isa = PBXFileReference; fileEncoding = 4; lastKnownFileType = sourcecode.swift; path = JsonSerializer.swift; sourceTree = "<group>"; };
		B3C9983F27F62133000C0B3B /* JSONJoy.swift */ = {isa = PBXFileReference; fileEncoding = 4; lastKnownFileType = sourcecode.swift; path = JSONJoy.swift; sourceTree = "<group>"; };
		B3F78EC827F7365C0035AB7F /* ViewDetail.swift */ = {isa = PBXFileReference; lastKnownFileType = sourcecode.swift; path = ViewDetail.swift; sourceTree = "<group>"; };
		B3F78ECA27F746C00035AB7F /* CustomCollectionDetail.swift */ = {isa = PBXFileReference; lastKnownFileType = sourcecode.swift; path = CustomCollectionDetail.swift; sourceTree = "<group>"; };
/* End PBXFileReference section */

/* Begin PBXFrameworksBuildPhase section */
		B330619E27F5134200BF5945 /* Frameworks */ = {
			isa = PBXFrameworksBuildPhase;
			buildActionMask = 2147483647;
			files = (
			);
			runOnlyForDeploymentPostprocessing = 0;
		};
/* End PBXFrameworksBuildPhase section */

/* Begin PBXGroup section */
		B30288D227F64E31007F65E0 /* Connection */ = {
			isa = PBXGroup;
			children = (
				B3ABDB6D27F5601B00D3EA06 /* FeedBack.swift */,
				B3ABDB6F27F560AE00D3EA06 /* Reachability.swift */,
				B3C9983927F600C8000C0B3B /* JsonSerializer.swift */,
				B3C9983F27F62133000C0B3B /* JSONJoy.swift */,
			);
			path = Connection;
			sourceTree = "<group>";
		};
		B30288D327F64E44007F65E0 /* Custom */ = {
			isa = PBXGroup;
			children = (
				B30288C927F6322D007F65E0 /* ActivityAlert.swift */,
				B30288CF27F64DAB007F65E0 /* CustomNavBar.swift */,
				B374D32D27F6CAE80087814A /* CustomCollectionCell.swift */,
				B3F78ECA27F746C00035AB7F /* CustomCollectionDetail.swift */,
			);
			path = Custom;
			sourceTree = "<group>";
		};
		B330619827F5134200BF5945 = {
			isa = PBXGroup;
			children = (
				B33061A327F5134200BF5945 /* TheMovieDB */,
				B33061A227F5134200BF5945 /* Products */,
			);
			sourceTree = "<group>";
		};
		B33061A227F5134200BF5945 /* Products */ = {
			isa = PBXGroup;
			children = (
				B33061A127F5134200BF5945 /* TheMovieDB.app */,
			);
			name = Products;
			sourceTree = "<group>";
		};
		B33061A327F5134200BF5945 /* TheMovieDB */ = {
			isa = PBXGroup;
			children = (
				B33061A427F5134200BF5945 /* AppDelegate.swift */,
				B30288CD27F64687007F65E0 /* SceneDelegate.swift */,
				B33061BA27F513B700BF5945 /* Model */,
				B33061B827F513B700BF5945 /* View */,
				B33061B927F513B700BF5945 /* ViewModel */,
				B33061BE27F5248100BF5945 /* Util */,
				B33061D427F53BF000BF5945 /* LaunchScreen.storyboard */,
				B33061D227F53BF000BF5945 /* Main.storyboard */,
				B33061AD27F5134400BF5945 /* Assets.xcassets */,
				B33061B227F5134400BF5945 /* Info.plist */,
				B33061DC27F53C1500BF5945 /* Localizable.strings */,
			);
			path = TheMovieDB;
			sourceTree = "<group>";
		};
		B33061B827F513B700BF5945 /* View */ = {
			isa = PBXGroup;
			children = (
				B33061A827F5134200BF5945 /* ViewController.swift */,
				B30288CB27F63C76007F65E0 /* ViewControllerMovies.swift */,
				B3F78EC827F7365C0035AB7F /* ViewDetail.swift */,
			);
			path = View;
			sourceTree = "<group>";
		};
		B33061B927F513B700BF5945 /* ViewModel */ = {
			isa = PBXGroup;
			children = (
				B3ABDB6B27F5454900D3EA06 /* ViewModelLogin.swift */,
				B30288D627F67014007F65E0 /* ViewModelCollection.swift */,
			);
			path = ViewModel;
			sourceTree = "<group>";
		};
		B33061BA27F513B700BF5945 /* Model */ = {
			isa = PBXGroup;
			children = (
				B33061BC27F5230A00BF5945 /* LoginVO.swift */,
				B30288D427F66CE1007F65E0 /* CollectionPopular.swift */,
			);
			path = Model;
			sourceTree = "<group>";
		};
		B33061BE27F5248100BF5945 /* Util */ = {
			isa = PBXGroup;
			children = (
				B33061BF27F5249400BF5945 /* Extension.swift */,
				B33061C527F52D3500BF5945 /* Util.swift */,
				B30288D327F64E44007F65E0 /* Custom */,
				B30288D227F64E31007F65E0 /* Connection */,
				B33061C327F52CC700BF5945 /* Data.plist */,
			);
			path = Util;
			sourceTree = "<group>";
		};
/* End PBXGroup section */

/* Begin PBXNativeTarget section */
		B33061A027F5134200BF5945 /* TheMovieDB */ = {
			isa = PBXNativeTarget;
			buildConfigurationList = B33061B527F5134400BF5945 /* Build configuration list for PBXNativeTarget "TheMovieDB" */;
			buildPhases = (
				B330619D27F5134200BF5945 /* Sources */,
				B330619E27F5134200BF5945 /* Frameworks */,
				B330619F27F5134200BF5945 /* Resources */,
			);
			buildRules = (
			);
			dependencies = (
			);
			name = TheMovieDB;
			productName = TheMovieDB;
			productReference = B33061A127F5134200BF5945 /* TheMovieDB.app */;
			productType = "com.apple.product-type.application";
		};
/* End PBXNativeTarget section */

/* Begin PBXProject section */
		B330619927F5134200BF5945 /* Project object */ = {
			isa = PBXProject;
			attributes = {
				BuildIndependentTargetsInParallel = 1;
				LastSwiftUpdateCheck = 1330;
				LastUpgradeCheck = 1330;
				TargetAttributes = {
					B33061A027F5134200BF5945 = {
						CreatedOnToolsVersion = 13.3;
					};
				};
			};
			buildConfigurationList = B330619C27F5134200BF5945 /* Build configuration list for PBXProject "TheMovieDB" */;
			compatibilityVersion = "Xcode 13.0";
			developmentRegion = en;
			hasScannedForEncodings = 0;
			knownRegions = (
				en,
				Base,
				"es-419",
			);
			mainGroup = B330619827F5134200BF5945;
			productRefGroup = B33061A227F5134200BF5945 /* Products */;
			projectDirPath = "";
			projectRoot = "";
			targets = (
				B33061A027F5134200BF5945 /* TheMovieDB */,
			);
		};
/* End PBXProject section */

/* Begin PBXResourcesBuildPhase section */
		B330619F27F5134200BF5945 /* Resources */ = {
			isa = PBXResourcesBuildPhase;
			buildActionMask = 2147483647;
			files = (
				B33061DA27F53C1500BF5945 /* Localizable.strings in Resources */,
				B33061D627F53BF000BF5945 /* Main.storyboard in Resources */,
				B33061D727F53BF000BF5945 /* LaunchScreen.storyboard in Resources */,
				B33061AE27F5134400BF5945 /* Assets.xcassets in Resources */,
				B33061C427F52CC700BF5945 /* Data.plist in Resources */,
			);
			runOnlyForDeploymentPostprocessing = 0;
		};
/* End PBXResourcesBuildPhase section */

/* Begin PBXSourcesBuildPhase section */
		B330619D27F5134200BF5945 /* Sources */ = {
			isa = PBXSourcesBuildPhase;
			buildActionMask = 2147483647;
			files = (
				B3ABDB6C27F5454900D3EA06 /* ViewModelLogin.swift in Sources */,
				B3F78EC927F7365C0035AB7F /* ViewDetail.swift in Sources */,
				B30288D527F66CE1007F65E0 /* CollectionPopular.swift in Sources */,
				B33061C027F5249400BF5945 /* Extension.swift in Sources */,
				B33061C627F52D3500BF5945 /* Util.swift in Sources */,
				B30288CA27F6322D007F65E0 /* ActivityAlert.swift in Sources */,
				B33061A927F5134200BF5945 /* ViewController.swift in Sources */,
				B30288CC27F63C76007F65E0 /* ViewControllerMovies.swift in Sources */,
				B30288D027F64DAB007F65E0 /* CustomNavBar.swift in Sources */,
				B3C9984027F62133000C0B3B /* JSONJoy.swift in Sources */,
				B33061A527F5134200BF5945 /* AppDelegate.swift in Sources */,
				B374D32E27F6CAE80087814A /* CustomCollectionCell.swift in Sources */,
				B30288CE27F64687007F65E0 /* SceneDelegate.swift in Sources */,
				B3ABDB7027F560AE00D3EA06 /* Reachability.swift in Sources */,
				B30288D727F67014007F65E0 /* ViewModelCollection.swift in Sources */,
				B3F78ECB27F746C00035AB7F /* CustomCollectionDetail.swift in Sources */,
				B33061BD27F5230A00BF5945 /* LoginVO.swift in Sources */,
				B3ABDB6E27F5601B00D3EA06 /* FeedBack.swift in Sources */,
				B3C9983A27F600C8000C0B3B /* JsonSerializer.swift in Sources */,
			);
			runOnlyForDeploymentPostprocessing = 0;
		};
/* End PBXSourcesBuildPhase section */

/* Begin PBXVariantGroup section */
		B33061D227F53BF000BF5945 /* Main.storyboard */ = {
			isa = PBXVariantGroup;
			children = (
				B33061D327F53BF000BF5945 /* Base */,
			);
			name = Main.storyboard;
			sourceTree = "<group>";
		};
		B33061D427F53BF000BF5945 /* LaunchScreen.storyboard */ = {
			isa = PBXVariantGroup;
			children = (
				B33061D527F53BF000BF5945 /* Base */,
			);
			name = LaunchScreen.storyboard;
			sourceTree = "<group>";
		};
		B33061DC27F53C1500BF5945 /* Localizable.strings */ = {
			isa = PBXVariantGroup;
			children = (
				B33061DB27F53C1500BF5945 /* en */,
				B33061DD27F53C3100BF5945 /* es-419 */,
			);
			name = Localizable.strings;
			sourceTree = "<group>";
		};
/* End PBXVariantGroup section */

/* Begin XCBuildConfiguration section */
		B33061B327F5134400BF5945 /* Debug */ = {
			isa = XCBuildConfiguration;
			buildSettings = {
				ALWAYS_SEARCH_USER_PATHS = NO;
				CLANG_ANALYZER_LOCALIZABILITY_NONLOCALIZED = YES;
				CLANG_ANALYZER_NONNULL = YES;
				CLANG_ANALYZER_NUMBER_OBJECT_CONVERSION = YES_AGGRESSIVE;
				CLANG_CXX_LANGUAGE_STANDARD = "gnu++17";
				CLANG_ENABLE_MODULES = YES;
				CLANG_ENABLE_OBJC_ARC = YES;
				CLANG_ENABLE_OBJC_WEAK = YES;
				CLANG_WARN_BLOCK_CAPTURE_AUTORELEASING = YES;
				CLANG_WARN_BOOL_CONVERSION = YES;
				CLANG_WARN_COMMA = YES;
				CLANG_WARN_CONSTANT_CONVERSION = YES;
				CLANG_WARN_DEPRECATED_OBJC_IMPLEMENTATIONS = YES;
				CLANG_WARN_DIRECT_OBJC_ISA_USAGE = YES_ERROR;
				CLANG_WARN_DOCUMENTATION_COMMENTS = YES;
				CLANG_WARN_EMPTY_BODY = YES;
				CLANG_WARN_ENUM_CONVERSION = YES;
				CLANG_WARN_INFINITE_RECURSION = YES;
				CLANG_WARN_INT_CONVERSION = YES;
				CLANG_WARN_NON_LITERAL_NULL_CONVERSION = YES;
				CLANG_WARN_OBJC_IMPLICIT_RETAIN_SELF = YES;
				CLANG_WARN_OBJC_LITERAL_CONVERSION = YES;
				CLANG_WARN_OBJC_ROOT_CLASS = YES_ERROR;
				CLANG_WARN_QUOTED_INCLUDE_IN_FRAMEWORK_HEADER = YES;
				CLANG_WARN_RANGE_LOOP_ANALYSIS = YES;
				CLANG_WARN_STRICT_PROTOTYPES = YES;
				CLANG_WARN_SUSPICIOUS_MOVE = YES;
				CLANG_WARN_UNGUARDED_AVAILABILITY = YES_AGGRESSIVE;
				CLANG_WARN_UNREACHABLE_CODE = YES;
				CLANG_WARN__DUPLICATE_METHOD_MATCH = YES;
				COPY_PHASE_STRIP = NO;
				DEBUG_INFORMATION_FORMAT = dwarf;
				ENABLE_STRICT_OBJC_MSGSEND = YES;
				ENABLE_TESTABILITY = YES;
				GCC_C_LANGUAGE_STANDARD = gnu11;
				GCC_DYNAMIC_NO_PIC = NO;
				GCC_NO_COMMON_BLOCKS = YES;
				GCC_OPTIMIZATION_LEVEL = 0;
				GCC_PREPROCESSOR_DEFINITIONS = (
					"DEBUG=1",
					"$(inherited)",
				);
				GCC_WARN_64_TO_32_BIT_CONVERSION = YES;
				GCC_WARN_ABOUT_RETURN_TYPE = YES_ERROR;
				GCC_WARN_UNDECLARED_SELECTOR = YES;
				GCC_WARN_UNINITIALIZED_AUTOS = YES_AGGRESSIVE;
				GCC_WARN_UNUSED_FUNCTION = YES;
				GCC_WARN_UNUSED_VARIABLE = YES;
				IPHONEOS_DEPLOYMENT_TARGET = 15.4;
				MTL_ENABLE_DEBUG_INFO = INCLUDE_SOURCE;
				MTL_FAST_MATH = YES;
				ONLY_ACTIVE_ARCH = YES;
				SDKROOT = iphoneos;
				SWIFT_ACTIVE_COMPILATION_CONDITIONS = DEBUG;
				SWIFT_OPTIMIZATION_LEVEL = "-Onone";
			};
			name = Debug;
		};
		B33061B427F5134400BF5945 /* Release */ = {
			isa = XCBuildConfiguration;
			buildSettings = {
				ALWAYS_SEARCH_USER_PATHS = NO;
				CLANG_ANALYZER_LOCALIZABILITY_NONLOCALIZED = YES;
				CLANG_ANALYZER_NONNULL = YES;
				CLANG_ANALYZER_NUMBER_OBJECT_CONVERSION = YES_AGGRESSIVE;
				CLANG_CXX_LANGUAGE_STANDARD = "gnu++17";
				CLANG_ENABLE_MODULES = YES;
				CLANG_ENABLE_OBJC_ARC = YES;
				CLANG_ENABLE_OBJC_WEAK = YES;
				CLANG_WARN_BLOCK_CAPTURE_AUTORELEASING = YES;
				CLANG_WARN_BOOL_CONVERSION = YES;
				CLANG_WARN_COMMA = YES;
				CLANG_WARN_CONSTANT_CONVERSION = YES;
				CLANG_WARN_DEPRECATED_OBJC_IMPLEMENTATIONS = YES;
				CLANG_WARN_DIRECT_OBJC_ISA_USAGE = YES_ERROR;
				CLANG_WARN_DOCUMENTATION_COMMENTS = YES;
				CLANG_WARN_EMPTY_BODY = YES;
				CLANG_WARN_ENUM_CONVERSION = YES;
				CLANG_WARN_INFINITE_RECURSION = YES;
				CLANG_WARN_INT_CONVERSION = YES;
				CLANG_WARN_NON_LITERAL_NULL_CONVERSION = YES;
				CLANG_WARN_OBJC_IMPLICIT_RETAIN_SELF = YES;
				CLANG_WARN_OBJC_LITERAL_CONVERSION = YES;
				CLANG_WARN_OBJC_ROOT_CLASS = YES_ERROR;
				CLANG_WARN_QUOTED_INCLUDE_IN_FRAMEWORK_HEADER = YES;
				CLANG_WARN_RANGE_LOOP_ANALYSIS = YES;
				CLANG_WARN_STRICT_PROTOTYPES = YES;
				CLANG_WARN_SUSPICIOUS_MOVE = YES;
				CLANG_WARN_UNGUARDED_AVAILABILITY = YES_AGGRESSIVE;
				CLANG_WARN_UNREACHABLE_CODE = YES;
				CLANG_WARN__DUPLICATE_METHOD_MATCH = YES;
				COPY_PHASE_STRIP = NO;
				DEBUG_INFORMATION_FORMAT = "dwarf-with-dsym";
				ENABLE_NS_ASSERTIONS = NO;
				ENABLE_STRICT_OBJC_MSGSEND = YES;
				GCC_C_LANGUAGE_STANDARD = gnu11;
				GCC_NO_COMMON_BLOCKS = YES;
				GCC_WARN_64_TO_32_BIT_CONVERSION = YES;
				GCC_WARN_ABOUT_RETURN_TYPE = YES_ERROR;
				GCC_WARN_UNDECLARED_SELECTOR = YES;
				GCC_WARN_UNINITIALIZED_AUTOS = YES_AGGRESSIVE;
				GCC_WARN_UNUSED_FUNCTION = YES;
				GCC_WARN_UNUSED_VARIABLE = YES;
				IPHONEOS_DEPLOYMENT_TARGET = 15.4;
				MTL_ENABLE_DEBUG_INFO = NO;
				MTL_FAST_MATH = YES;
				SDKROOT = iphoneos;
				SWIFT_COMPILATION_MODE = wholemodule;
				SWIFT_OPTIMIZATION_LEVEL = "-O";
				VALIDATE_PRODUCT = YES;
			};
			name = Release;
		};
		B33061B627F5134400BF5945 /* Debug */ = {
			isa = XCBuildConfiguration;
			buildSettings = {
				ASSETCATALOG_COMPILER_APPICON_NAME = AppIcon;
				ASSETCATALOG_COMPILER_GLOBAL_ACCENT_COLOR_NAME = AccentColor;
				CODE_SIGN_STYLE = Automatic;
				CURRENT_PROJECT_VERSION = 1;
				GENERATE_INFOPLIST_FILE = YES;
				INFOPLIST_FILE = TheMovieDB/Info.plist;
				INFOPLIST_KEY_CFBundleDisplayName = "The Movie DB";
				INFOPLIST_KEY_UIApplicationSupportsIndirectInputEvents = YES;
				INFOPLIST_KEY_UILaunchStoryboardName = LaunchScreen;
				INFOPLIST_KEY_UIMainStoryboardFile = Main;
				INFOPLIST_KEY_UISupportedInterfaceOrientations = UIInterfaceOrientationPortrait;
				INFOPLIST_KEY_UISupportedInterfaceOrientations_iPad = "UIInterfaceOrientationPortrait UIInterfaceOrientationPortraitUpsideDown UIInterfaceOrientationLandscapeLeft UIInterfaceOrientationLandscapeRight";
				INFOPLIST_KEY_UISupportedInterfaceOrientations_iPhone = "UIInterfaceOrientationPortrait UIInterfaceOrientationLandscapeLeft UIInterfaceOrientationLandscapeRight";
				LD_RUNPATH_SEARCH_PATHS = (
					"$(inherited)",
					"@executable_path/Frameworks",
				);
				MARKETING_VERSION = 1.0;
				PRODUCT_BUNDLE_IDENTIFIER = com.movieoscars.TheMovieDB;
				PRODUCT_NAME = "$(TARGET_NAME)";
				SWIFT_EMIT_LOC_STRINGS = YES;
				SWIFT_VERSION = 5.0;
				TARGETED_DEVICE_FAMILY = 1;
			};
			name = Debug;
		};
		B33061B727F5134400BF5945 /* Release */ = {
			isa = XCBuildConfiguration;
			buildSettings = {
				ASSETCATALOG_COMPILER_APPICON_NAME = AppIcon;
				ASSETCATALOG_COMPILER_GLOBAL_ACCENT_COLOR_NAME = AccentColor;
				CODE_SIGN_STYLE = Automatic;
				CURRENT_PROJECT_VERSION = 1;
				GENERATE_INFOPLIST_FILE = YES;
				INFOPLIST_FILE = TheMovieDB/Info.plist;
				INFOPLIST_KEY_CFBundleDisplayName = "The Movie DB";
				INFOPLIST_KEY_UIApplicationSupportsIndirectInputEvents = YES;
				INFOPLIST_KEY_UILaunchStoryboardName = LaunchScreen;
				INFOPLIST_KEY_UIMainStoryboardFile = Main;
				INFOPLIST_KEY_UISupportedInterfaceOrientations = UIInterfaceOrientationPortrait;
				INFOPLIST_KEY_UISupportedInterfaceOrientations_iPad = "UIInterfaceOrientationPortrait UIInterfaceOrientationPortraitUpsideDown UIInterfaceOrientationLandscapeLeft UIInterfaceOrientationLandscapeRight";
				INFOPLIST_KEY_UISupportedInterfaceOrientations_iPhone = "UIInterfaceOrientationPortrait UIInterfaceOrientationLandscapeLeft UIInterfaceOrientationLandscapeRight";
				LD_RUNPATH_SEARCH_PATHS = (
					"$(inherited)",
					"@executable_path/Frameworks",
				);
				MARKETING_VERSION = 1.0;
				PRODUCT_BUNDLE_IDENTIFIER = com.movieoscars.TheMovieDB;
				PRODUCT_NAME = "$(TARGET_NAME)";
				SWIFT_EMIT_LOC_STRINGS = YES;
				SWIFT_VERSION = 5.0;
				TARGETED_DEVICE_FAMILY = 1;
			};
			name = Release;
		};
/* End XCBuildConfiguration section */

/* Begin XCConfigurationList section */
		B330619C27F5134200BF5945 /* Build configuration list for PBXProject "TheMovieDB" */ = {
			isa = XCConfigurationList;
			buildConfigurations = (
				B33061B327F5134400BF5945 /* Debug */,
				B33061B427F5134400BF5945 /* Release */,
			);
			defaultConfigurationIsVisible = 0;
			defaultConfigurationName = Release;
		};
		B33061B527F5134400BF5945 /* Build configuration list for PBXNativeTarget "TheMovieDB" */ = {
			isa = XCConfigurationList;
			buildConfigurations = (
				B33061B627F5134400BF5945 /* Debug */,
				B33061B727F5134400BF5945 /* Release */,
			);
			defaultConfigurationIsVisible = 0;
			defaultConfigurationName = Release;
		};
/* End XCConfigurationList section */
	};
	rootObject = B330619927F5134200BF5945 /* Project object */;
}
